
Microsoft Visual Studio Solution File, Format Version 12.00
# Visual Studio Version 17
VisualStudioVersion = 17.5.33516.290
MinimumVisualStudioVersion = 10.0.40219.1
Project("{FAE04EC0-301F-11D3-BF4B-00C04F79EFBC}") = "WebApp-Account", "WebApp-Account\WebApp-Account.csproj", "{730F2BF5-01DF-4D28-B6F5-B1D69FC53A7C}"
EndProject
Global
	GlobalSection(SolutionConfigurationPlatforms) = preSolution
		Debug|Any CPU = Debug|Any CPU
		Release|Any CPU = Release|Any CPU
	EndGlobalSection
	GlobalSection(ProjectConfigurationPlatforms) = postSolution
		{730F2BF5-01DF-4D28-B6F5-B1D69FC53A7C}.Debug|Any CPU.ActiveCfg = Debug|Any CPU
		{730F2BF5-01DF-4D28-B6F5-B1D69FC53A7C}.Debug|Any CPU.Build.0 = Debug|Any CPU
		{730F2BF5-01DF-4D28-B6F5-B1D69FC53A7C}.Release|Any CPU.ActiveCfg = Release|Any CPU
		{730F2BF5-01DF-4D28-B6F5-B1D69FC53A7C}.Release|Any CPU.Build.0 = Release|Any CPU
	EndGlobalSection
	GlobalSection(SolutionProperties) = preSolution
		HideSolutionNode = FALSE
	EndGlobalSection
	GlobalSection(ExtensibilityGlobals) = postSolution
		SolutionGuid = {C1EE7F5E-0AE4-4B71-84A7-2DE0F923661D}
	EndGlobalSection
EndGlobal
